
Microsoft Visual Studio Solution File, Format Version 12.00
Project("{FAE04EC0-301F-11D3-BF4B-00C04F79EFBC}") = "ham_test", "ham_test.csproj", "{C9DA97BF-ED3B-48C3-9A5F-34F4BA7CBF09}"
EndProject
Global
	GlobalSection(SolutionConfigurationPlatforms) = preSolution
		Debug|Any CPU = Debug|Any CPU
		Release|Any CPU = Release|Any CPU
	EndGlobalSection
	GlobalSection(ProjectConfigurationPlatforms) = postSolution
		{C9DA97BF-ED3B-48C3-9A5F-34F4BA7CBF09}.Debug|Any CPU.ActiveCfg = Debug|Any CPU
		{C9DA97BF-ED3B-48C3-9A5F-34F4BA7CBF09}.Debug|Any CPU.Build.0 = Debug|Any CPU
		{C9DA97BF-ED3B-48C3-9A5F-34F4BA7CBF09}.Release|Any CPU.ActiveCfg = Release|Any CPU
		{C9DA97BF-ED3B-48C3-9A5F-34F4BA7CBF09}.Release|Any CPU.Build.0 = Release|Any CPU
	EndGlobalSection
EndGlobal
